PODS:
  - PMBrowsingCollectionView (0.0.1):
    - PMCircularCollectionView
    - PMUtils
  - PMCircularCollectionView (0.0.21):
    - PMUtils
  - PMUtils (0.0.39)

DEPENDENCIES:
  - PMBrowsingCollectionView (from `../PMBrowsingCollectionView.podspec`)

EXTERNAL SOURCES:
  PMBrowsingCollectionView:
    :path: ../PMBrowsingCollectionView.podspec

SPEC CHECKSUMS:
  PMBrowsingCollectionView: e802f6cc13d8742321d032a23728a7d8f4374c07
  PMCircularCollectionView: 04e6b92d6a4bb94da55f306827ba71cdf7fef017
  PMUtils: 2e727cf6f1f774f8cd990f860efa21f8aa0bc9b7

COCOAPODS: 0.32.1
