PODS:
  - PMBrowsingCollectionView (0.0.8):
    - PMBrowsingCollectionView/PMStickyHeaderFlowLayout
    - PMCircularCollectionView
    - PMUtils
  - PMBrowsingCollectionView/PMStickyHeaderFlowLayout (0.0.8):
    - PMCircularCollectionView
    - PMUtils
  - PMCircularCollectionView (0.0.33):
    - PMUtils
  - PMUtils (0.0.56):
    - PMUtils/Foundation+PMUtils
    - PMUtils/PMAnimationQueue
    - PMUtils/PMImageFilmstrip
    - PMUtils/PMOrderedDictionary
    - PMUtils/PMPair
    - PMUtils/PMProtocolInterceptor
    - PMUtils/UIKit+PMUtils
  - PMUtils/Foundation+PMUtils (0.0.56)
  - PMUtils/PMAnimationQueue (0.0.56)
  - PMUtils/PMImageFilmstrip (0.0.56):
    - PMUtils/UIKit+PMUtils
  - PMUtils/PMOrderedDictionary (0.0.56)
  - PMUtils/PMPair (0.0.56)
  - PMUtils/PMProtocolInterceptor (0.0.56)
  - PMUtils/UIKit+PMUtils (0.0.56)

DEPENDENCIES:
  - PMBrowsingCollectionView (from `../PMBrowsingCollectionView.podspec`)

EXTERNAL SOURCES:
  PMBrowsingCollectionView:
    :path: ../PMBrowsingCollectionView.podspec

SPEC CHECKSUMS:
  PMBrowsingCollectionView: 01cefcc8db9bda47775faba4d1b2f0f5d53ead4d
  PMCircularCollectionView: 680754cca7d5b332e89185d05e1c7423a6f368ec
  PMUtils: 83c3267bba01155224ed8d88e7410439fdafb158

COCOAPODS: 0.33.1
