PODS:
  - PMBrowsingCollectionView (0.0.2):
    - PMCircularCollectionView
    - PMUtils
  - PMCircularCollectionView (0.0.21):
    - PMUtils
  - PMUtils (0.0.40)

DEPENDENCIES:
  - PMBrowsingCollectionView (from `../PMBrowsingCollectionView.podspec`)

EXTERNAL SOURCES:
  PMBrowsingCollectionView:
    :path: ../PMBrowsingCollectionView.podspec

SPEC CHECKSUMS:
  PMBrowsingCollectionView: ae1ecc0573a608819bf604a6cff8f0d9cff29e4d
  PMCircularCollectionView: 04e6b92d6a4bb94da55f306827ba71cdf7fef017
  PMUtils: d5c41dd4276e9ef4cb35461c57038c3215f467b1

COCOAPODS: 0.32.1
